# This file was autogenerated by uv via the following command:
#    uv pip compile requirements.txt -o requirements.lock
dnspython==2.8.0
    # via srvlookup
pyasn1==0.6.4
    # via
    #   pyasn1-modules
    #   python-ldap
pyasn1-modules==0.4.2
    # via python-ldap
python-ldap==3.4.5
    # via -r requirements.txt
srvlookup==3.0.0
    # via -r requirements.txt
